<?xml version="1.0" encoding="utf-8"?>
<Project ToolsVersion="4.0" xmlns="http://schemas.microsoft.com/developer/msbuild/2003">
  <ItemGroup>
    <ClCompile Include="src\ECS\Systems\CollisionSystem.cpp" />
    <ClCompile Include="src\ECS\Systems\MousePointSystem.cpp" />
    <ClCompile Include="src\Physics\AABBCollider.cpp" />
    <ClCompile Include="src\Physics\BoundingBox.cpp" />
    <ClCompile Include="src\Physics\QuadTree.cpp" />
    <ClCompile Include="src\Renderer\Camera.cpp" />
    <ClCompile Include="src\Renderer\Renderable.cpp" />
    <ClCompile Include="src\Util\FileSystem.cpp" />
    <ClCompile Include="src\Renderer\ForwardRenderer.cpp" />
    <ClCompile Include="src\ECS\EntityManager.cpp" />
    <ClCompile Include="src\Renderer\Graphics\Loader\ModelLoader.cpp" />
    <ClCompile Include="src\Renderer\Graphics\Loader\TextureLoader.cpp" />
    <ClCompile Include="src\Renderer\Graphics\Models\Material.cpp" />
    <ClCompile Include="src\Renderer\Graphics\Models\Mesh.cpp" />
    <ClCompile Include="src\Renderer\Graphics\Models\Model.cpp" />
    <ClCompile Include="src\Renderer\Graphics\OpenGL\OGLIndexBuffer.cpp" />
    <ClCompile Include="src\Renderer\Graphics\OpenGL\OGLPipeline.cpp" />
    <ClCompile Include="src\Renderer\Graphics\OpenGL\OGLFragmentShader.cpp" />
    <ClCompile Include="src\Renderer\Graphics\OpenGL\OGLVertexArrayObject.cpp" />
    <ClCompile Include="src\Context.cpp" />
    <ClCompile Include="src\CoreEngine.cpp" />
    <ClCompile Include="src\ECS\Systems\MotionSystem.cpp" />
    <ClCompile Include="src\ECS\Systems\RenderSystem.cpp" />
    <ClCompile Include="src\Game.cpp" />
    <ClCompile Include="src\InputManager.cpp" />
    <ClCompile Include="src\Renderer\Graphics\OpenGL\OGLRenderDevice.cpp" />
    <ClCompile Include="src\Renderer\Graphics\OpenGL\OGLVertexBuffer.cpp" />
    <ClCompile Include="src\Renderer\Graphics\OpenGL\OGLVertexShader.cpp" />
    <ClCompile Include="src\State.cpp" />
    <ClCompile Include="src\StateMachine.cpp" />
    <ClCompile Include="src\Window.cpp" />
    <ClCompile Include="src\Renderer\Graphics\Loader\StaticMeshLoader.cpp" />
    <ClCompile Include="src\ECS\SystemManager.cpp" />
    <ClCompile Include="src\ECS\Systems\System.cpp" />
    <ClCompile Include="src\Math\Vector3f.cpp" />
    <ClCompile Include="src\World\WorldLoader.cpp" />
    <ClCompile Include="src\World\WorldObject.cpp" />
    <ClCompile Include="src\World\ObjectProperties.cpp" />
    <ClCompile Include="src\World\JSONSerializer.cpp" />
    <ClCompile Include="src\World\Assemblers\AppearanceAssembler.cpp" />
    <ClCompile Include="src\World\Assemblers\PositionAssembler.cpp" />
    <ClCompile Include="src\World\Assemblers\EntityAssembler.cpp" />
    <ClCompile Include="src\AudioManager.cpp" />
    <ClCompile Include="src\Menu\MenuBuilder.cpp" />
    <ClCompile Include="src\Menu\Control.cpp" />
    <ClCompile Include="src\Menu\MenuRenderer.cpp" />
    <ClCompile Include="src\Menu\Menu.cpp" />
    <ClCompile Include="src\Renderer\Graphics\OpenGL\OGLTexture.cpp" />
    <ClCompile Include="src\Surface.cpp" />
    <ClCompile Include="src\ECS\Systems\MousePointSystem.cpp" />
    <ClCompile Include="src\ECS\Systems\CollisionSystem.cpp" />
    <ClCompile Include="src\World\Assemblers\HealthAssembler.cpp" />
    <ClCompile Include="src\Renderer\Graphics\OpenGL\OGLRenderTarget.cpp" />
    <ClCompile Include="src\Menu\TextRenderer.cpp" />
    <ClCompile Include="src\Util\AdvertisementSystem.cpp" />
    <ClCompile Include="src\Util\DistanceUtil.cpp" />
    <ClCompile Include="src\Renderer\Graphics\OpenGL\OGLGeometryShader.cpp" />
    <ClCompile Include="src\ECS\Systems\GeometryAnimationSystem.cpp" />
  </ItemGroup>
  <ItemGroup>
    <ClInclude Include="include\ECS\Components\HealthComponent.h" />
    <ClInclude Include="include\ECS\Components\BoundingBoxComponent.h" />
    <ClInclude Include="include\ECS\Components\CameraComponent.h" />
    <ClInclude Include="include\ECS\Components\MousePointerComponent.h" />
    <ClInclude Include="include\ECS\Systems\CollisionSystem.h" />
    <ClInclude Include="include\ECS\Systems\MousePointSystem.h" />
    <ClInclude Include="include\Renderer\DirectionalLight.h" />
    <ClInclude Include="include\Physics\AABBCollider.h" />
    <ClInclude Include="include\Physics\BoundingBox.h" />
    <ClInclude Include="include\Physics\QuadTree.h" />
    <ClInclude Include="include\Renderer\Camera.h" />
    <ClInclude Include="include\Renderer\Scene.h" />
    <ClInclude Include="include\Renderer\ForwardRenderer.h" />
    <ClInclude Include="include\ECS\Components\AppearanceComponent.h" />
    <ClInclude Include="include\ECS\Components\Component.h" />
    <ClInclude Include="include\ECS\Components\DragComponent.h" />
    <ClInclude Include="include\ECS\Components\PositionComponent.h" />
    <ClInclude Include="include\ECS\Components\VelocityComponent.h" />
    <ClInclude Include="include\ECS\EntityManager.h" />
    <ClInclude Include="include\Renderer\Graphics\Loader\ModelLoader.h" />
    <ClInclude Include="include\Renderer\Graphics\Loader\TextureLoader.h" />
    <ClInclude Include="include\Renderer\Graphics\Models\Material.h" />
    <ClInclude Include="include\Renderer\Graphics\Models\Mesh.h" />
    <ClInclude Include="include\Renderer\Graphics\Models\Model.h" />
    <ClInclude Include="include\Context.h" />
    <ClInclude Include="include\CoreEngine.h" />
    <ClInclude Include="include\ECS\Entity.h" />
    <ClInclude Include="include\ECS\Systems\RenderSystem.h" />
    <ClInclude Include="include\ECS\Systems\MotionSystem.h" />
    <ClInclude Include="include\ECS\Systems\System.h" />
    <ClInclude Include="include\Game.h" />
    <ClInclude Include="include\InputManager.h" />
    <ClInclude Include="include\Renderer\Graphics\FragmentShader.h" />
    <ClInclude Include="include\Renderer\Graphics\IndexBuffer.h" />
    <ClInclude Include="include\Renderer\Graphics\OpenGL\OGLIndexBuffer.h" />
    <ClInclude Include="include\Renderer\Graphics\OpenGL\OGLRenderDevice.h" />
    <ClInclude Include="include\Renderer\Graphics\OpenGL\OGLVertexArrayObject.h" />
    <ClInclude Include="include\Renderer\Graphics\OpenGL\OGLVertexBuffer.h" />
    <ClInclude Include="include\Renderer\Graphics\OpenGL\OGLVertexShader.h" />
    <ClInclude Include="include\Renderer\Graphics\VertexBuffer.h" />
    <ClInclude Include="include\Renderer\Graphics\VertexShader.h" />
    <ClInclude Include="include\Key.h" />
    <ClInclude Include="include\State.h" />
    <ClInclude Include="include\StateMachine.h" />
    <ClInclude Include="include\Window.h" />
    <ClInclude Include="include\ECS\SystemManager.h" />
    <ClInclude Include="include\Renderer\Graphics\RenderDevice.h" />
    <ClInclude Include="include\Renderer\Graphics\OpenGL\OGLFragmentShader.h" />
    <ClInclude Include="include\Renderer\Graphics\Pipeline.h" />
    <ClInclude Include="include\Renderer\Graphics\OpenGL\OGLPipeline.h" />
    <ClInclude Include="include\Renderer\Graphics\VertexArrayObject.h" />
    <ClInclude Include="include\Renderer\Graphics\Loader\StaticMeshLoader.h" />
    <ClInclude Include="include\Renderer\Renderable.h" />
    <ClInclude Include="include\ECS\Components\SceneComponent.h" />
    <ClInclude Include="include\Math\Vector3f.h" />
    <ClInclude Include="include\Renderer\DirectionalLight.h" />
    <ClInclude Include="include\Renderer\Scene.h" />
    <ClInclude Include="include\Menu\MenuBuilder.h" />
    <ClInclude Include="include\Menu\Control.h" />
    <ClInclude Include="include\Menu\MenuRenderer.h" />
    <ClInclude Include="include\Menu\Menu.h" />
    <ClInclude Include="include\Renderer\Graphics\Texture.h" />
    <ClInclude Include="include\Renderer\Graphics\OpenGL\OGLTexture.h" />
    <ClInclude Include="include\Surface.h" />
    <ClInclude Include="include\nlohmann\adl_serializer.hpp" />
    <ClInclude Include="include\nlohmann\json.hpp" />
    <ClInclude Include="include\nlohmann\json_fwd.hpp" />
    <ClInclude Include="include\World\WorldLoader.h" />
    <ClInclude Include="include\World\EntityConfigurators\EntityConfigurator.h" />
    <ClInclude Include="include\World\EntityConfigurators\PositionConfigurator.h" />
    <ClInclude Include="include\World\EntityConfigurators\AppearanceConfigurator.h" />
    <ClInclude Include="include\World\WorldObject.h" />
    <ClInclude Include="include\ECS\Components\PlayerComponent.h" />
    <ClInclude Include="include\World\ObjectProperties.h" />
    <ClInclude Include="include\World\EntityDisassembler.h" />
    <ClInclude Include="include\World\LevelSerializer.h" />
    <ClInclude Include="include\World\JSONSerializer.h" />
    <ClInclude Include="include\World\Assemblers\AppearanceAssembler.h" />
    <ClInclude Include="include\World\Assemblers\PositionAssembler.h" />
    <ClInclude Include="include\World\Assemblers\BaseAssembler.h" />
    <ClInclude Include="include\World\Assemblers\EntityAssembler.h" />
    <ClInclude Include="include\Util\FileSystem.h" />
    <ClInclude Include="include\AudioManager.h" />
    <ClInclude Include="include\Physics\BoundingBox.h" />
    <ClInclude Include="include\Physics\AABBCollider.h" />
    <ClInclude Include="include\Physics\QuadTree.h" />
    <ClInclude Include="include\ECS\Components\BoundingBoxComponent.h" />
    <ClInclude Include="include\ECS\Systems\CollisionSystem.h" />
    <ClInclude Include="include\ECS\Components\CameraComponent.h" />
    <ClInclude Include="include\ECS\Components\MousePointerComponent.h" />
    <ClInclude Include="include\ECS\Systems\MousePointSystem.h" />
    <ClInclude Include="include\ECS\Components\HealthComponent.h" />
    <ClInclude Include="include\World\Assemblers\HealthAssembler.h" />
    <ClInclude Include="include\Renderer\Graphics\RenderTarget.h" />
    <ClInclude Include="include\Renderer\Graphics\OpenGL\OGLRenderTarget.h" />
    <ClInclude Include="include\ECS\Components\DynamicComponent.h" />
    <ClInclude Include="include\ECS\EntityBuilder.h" />
    <ClInclude Include="include\Util\AdvertisementSystem.h" />
    <ClInclude Include="include\Menu\TextRenderer.h" />
    <ClInclude Include="include\Menu\TextControl.h" />
    <ClInclude Include="include\Util\DistanceUtil.h" />
    <ClInclude Include="include\Renderer\PointLight.h" />
    <ClInclude Include="include\ECS\Components\PointLightComponent.h" />
    <ClInclude Include="include\Renderer\Graphics\GeometryShader.h" />
    <ClInclude Include="include\Renderer\Graphics\OpenGL\OGLGeometryShader.h" />
    <ClInclude Include="include\ECS\Components\AnimationComponent.h" />
    <ClInclude Include="include\Renderer\Animation.h" />
    <ClInclude Include="include\ECS\Systems\GeometryAnimationSystem.h" />
  </ItemGroup>
  <ItemGroup>
    <Library Include="lib\x64\SDL2test.lib" />
    <Library Include="lib\x64\glew32.lib" />
    <Library Include="lib\x64\SDL2.lib" />
    <Library Include="lib\x64\SDL2main.lib" />
    <Library Include="lib\x64\assimp-vc140-mtd.lib" />
    <Library Include="lib\x64\SDL2_mixer.lib" />
    <Library Include="lib\x64\SDL2_image.lib" />
    <Library Include="lib\x64\freetype.lib" />
  </ItemGroup>
  <ItemGroup>
    <Image Include="png\healthbar.png" />
    <Image Include="png\someimage.png" />
  </ItemGroup>
  <ItemGroup>
    <None Include="lib\libjpeg-9.dll" />
    <None Include="lib\libpng16-16.dll" />
    <None Include="lib\libtiff-5.dll" />
    <None Include="lib\libwebp-7.dll" />
    <None Include="lib\SDL2_image.dll" />
    <None Include="lib\zlib1.dll" />
    <None Include="lib\x64\libjpeg-9.dll" />
    <None Include="lib\x64\libpng16-16.dll" />
    <None Include="lib\x64\libtiff-5.dll" />
    <None Include="lib\x64\libwebp-7.dll" />
    <None Include="lib\x64\SDL2_image.dll" />
    <None Include="lib\x64\zlib1.dll" />
    <None Include="cpp.hint" />
  </ItemGroup>
  <ItemGroup>
    <None Include="lib\x64\libFLAC-8.dll" />
    <None Include="lib\x64\libmodplug-1.dll" />
    <None Include="lib\x64\libmpg123-0.dll" />
    <None Include="lib\x64\libogg-0.dll" />
    <None Include="lib\x64\libopus-0.dll" />
    <None Include="lib\x64\libopusfile-0.dll" />
    <None Include="lib\x64\libvorbis-0.dll" />
    <None Include="lib\x64\libvorbisfile-3.dll" />
    <None Include="lib\x64\SDL2_mixer.dll" />
  </ItemGroup>
</Project>