<?xml version="1.0" encoding="utf-8"?>
<Project ToolsVersion="4.0" xmlns="http://schemas.microsoft.com/developer/msbuild/2003">
  <ItemGroup>
    <ClCompile Include="src\ECS\Systems\AimingSystem.cpp" />
    <ClCompile Include="src\ECS\Systems\AttackSystem.cpp" />
    <ClCompile Include="src\ECS\Systems\ProjectileAttackSystem.cpp" />
    <ClCompile Include="src\ECS\Systems\ShootingSystem.cpp" />
    <ClCompile Include="src\ECS\Systems\AnimationSystem.cpp" />
    <ClCompile Include="src\ECS\Systems\BumpSystem.cpp" />
    <ClCompile Include="src\ECS\Systems\ResourceBlobSystem.cpp" />
    <ClCompile Include="src\ECS\Systems\ResourceGatherSystem.cpp" />
    <ClCompile Include="src\States\PauseState.cpp" />
    <ClCompile Include="src\ECS\Systems\KeyboardInputSystem.cpp" />
    <ClCompile Include="src\EntityFactory.cpp" />
    <ClCompile Include="src\main.cpp" />
    <ClCompile Include="src\States\PrismGame.cpp" />
    <ClCompile Include="src\World\Assemblers\PrismEntityAssembler.cpp" />
    <ClCompile Include="src\World\Assemblers\EnemyAssembler.cpp" />
    <ClCompile Include="src\World\Assemblers\PlayerAssembler.cpp" />
    <ClCompile Include="src\World\Assemblers\ResourceSpawnAssembler.cpp" />
    <ClCompile Include="src\World\Assemblers\TowerAssembler.cpp" />
    <ClCompile Include="src\World\Assemblers\WallAssembler.cpp" />
    <ClCompile Include="src\World\TerrainGenerator.cpp" />
    <ClCompile Include="src\ECS\Systems\EnemySpawnSystem.cpp" />
    <ClCompile Include="src\ECS\Systems\EnemyPathFindingSystem.cpp" />
    <ClCompile Include="src\World\Assemblers\EnemySpawnAssembler.cpp" />
    <ClCompile Include="src\States\MainMenuState.cpp" />
    <ClCompile Include="src\States\EndState.cpp" />
    <ClCompile Include="src\States\CreditsState.cpp" />
    <ClCompile Include="src\ECS\Systems\GameOverSystem.cpp" />
    <ClCompile Include="src\ECS\Systems\CheatSystem.cpp" />
    <ClCompile Include="src\States\HelpState.cpp" />
  </ItemGroup>
  <ItemGroup>
    <ClInclude Include="include\ECS\Components\BulletComponent.h" />
    <ClInclude Include="include\ECS\Components\EnemyComponent.h" />
    <ClInclude Include="include\ECS\Components\ProjectileAttackComponent.h" />
    <ClInclude Include="include\ECS\Systems\AimingSystem.h" />
    <ClInclude Include="include\ECS\Components\MineComponent.h" />
    <ClInclude Include="include\ECS\Components\TowerComponent.h" />
    <ClInclude Include="include\ECS\Components\WallComponent.h" />
    <ClInclude Include="include\ECS\Components\InventoryComponent.h" />
    <ClInclude Include="include\ECS\Components\ResourceBlobComponent.h" />
    <ClInclude Include="include\ECS\Components\ResourceGatherComponent.h" />
    <ClInclude Include="include\Enums\ResourceTypeEnum.h" />
    <ClInclude Include="include\ECS\Systems\AnimationSystem.h" />
    <ClInclude Include="include\ECS\Components\ResourceSpawnComponent.h" />
    <ClInclude Include="include\ECS\Systems\ProjectileAttackSystem.h" />
    <ClInclude Include="include\ECS\Systems\BumpSystem.h" />
    <ClInclude Include="include\ECS\Systems\ResourceBlobSystem.h" />
    <ClInclude Include="include\ECS\Systems\ResourceGatherSystem.h" />
    <ClInclude Include="include\EntityFactory.h" />
    <ClInclude Include="include\States\PrismGame.h" />
    <ClInclude Include="include\World\Assemblers\EnemyAssembler.h" />
    <ClInclude Include="include\World\Assemblers\PlayerAssembler.h" />
    <ClInclude Include="include\World\Assemblers\ResourceSpawnAssembler.h" />
    <ClInclude Include="include\World\Assemblers\TowerAssembler.h" />
    <ClInclude Include="include\World\Assemblers\WallAssembler.h" />
    <ClInclude Include="include\World\Assemblers\PrismEntityAssembler.h" />
    <ClInclude Include="include\PrismGame.h" />
    <ClInclude Include="include\ECS\Components\KeyboardInputComponent.h" />
    <ClInclude Include="include\ECS\Systems\KeyboardInputSystem.h" />
    <ClInclude Include="include\ECS\Components\ShootingComponent.h" />
    <ClInclude Include="include\ECS\Systems\ShootingSystem.h" />
    <ClInclude Include="include\States\PauseState.h" />
    <ClInclude Include="include\World\TerrainGenerator.h" />
    <ClInclude Include="include\ECS\Systems\AttackSystem.h" />
    <ClCompile Include="src\main.cpp">
      <Filter>Source Files</Filter>
    </ClCompile>
    <ClCompile Include="src\ECS\Systems\KeyboardInputSystem.cpp">
      <Filter>Source Files</Filter>
    </ClCompile>
    <ClCompile Include="src\ECS\Systems\AnimationSystem.cpp">
      <Filter>Source Files</Filter>
    </ClCompile>
    <ClCompile Include="src\EntityFactory.cpp">
      <Filter>Source Files</Filter>
    </ClCompile>
    <ClCompile Include="src\ECS\Systems\ResourceGatherSystem.cpp">
      <Filter>Source Files</Filter>
    </ClCompile>
    <ClCompile Include="src\States\PauseState.cpp">
      <Filter>Source Files</Filter>
    </ClCompile>
    <ClCompile Include="src\States\PrismGame.cpp">
      <Filter>Source Files</Filter>
    </ClCompile>
    <ClCompile Include="src\World\TerrainGenerator.cpp">
      <Filter>Source Files</Filter>
    </ClCompile>
    <ClCompile Include="src\ECS\Systems\ResourceBlobSystem.cpp">
      <Filter>Source Files</Filter>
    </ClCompile>
    <ClCompile Include="src\World\Assemblers\EnemyAssembler.cpp">
      <Filter>Source Files</Filter>
    </ClCompile>
    <ClCompile Include="src\World\Assemblers\PlayerAssembler.cpp">
      <Filter>Source Files</Filter>
    </ClCompile>
    <ClCompile Include="src\World\Assemblers\PrismEntityAssembler.cpp">
      <Filter>Source Files</Filter>
    </ClCompile>
    <ClCompile Include="src\World\Assemblers\ResourceSpawnAssembler.cpp">
      <Filter>Source Files</Filter>
    </ClCompile>
    <ClCompile Include="src\World\Assemblers\TowerAssembler.cpp">
      <Filter>Source Files</Filter>
    </ClCompile>
    <ClCompile Include="src\World\Assemblers\WallAssembler.cpp">
      <Filter>Source Files</Filter>
    </ClCompile>
    <ClCompile Include="src\ECS\Systems\BumpSystem.cpp">
      <Filter>Source Files</Filter>
    </ClCompile>
    <ClCompile Include="src\ECS\Systems\AttackSystem.cpp">
      <Filter>Source Files</Filter>
    </ClCompile>
    <ClCompile Include="src\States\PrismGame.cpp">
      <Filter>Source Files</Filter>
    </ClCompile>
    <ClInclude Include="include\ECS\Components\EnemySpawnComponent.h" />
    <ClInclude Include="include\ECS\Systems\EnemyPathFindingSystem.h" />
    <ClInclude Include="include\ECS\Systems\EnemySpawnSystem.h" />
    <ClInclude Include="include\World\Assemblers\EnemySpawnAssembler.h" />
    <ClInclude Include="include\States\MainMenuState.h" />
    <ClCompile Include="src\States\PrismGame.cpp">
      <Filter>Source Files</Filter>
    </ClCompile>
    <ClInclude Include="include\States\EndState.h" />
    <ClInclude Include="include\States\CreditsState.h" />
    <ClInclude Include="include\ECS\Systems\GameOverSystem.h" />
    <ClInclude Include="include\ECS\Systems\CheatSystem.h" />
    <ClInclude Include="include\States\HelpState.h" />
  </ItemGroup>
  <ItemGroup>
    <None Include="lib\assimp-vc140-mtd.dll" />
    <None Include="lib\glew32.dll" />
    <None Include="lib\SDL2.dll" />
    <None Include="lib\SDL2_mixer.dll" />
  </ItemGroup>
  <ItemGroup>
    <ClInclude Include="include\ECS\Components\KeyboardInputComponent.h">
      <Filter>Header Files</Filter>
    </ClInclude>
    <ClInclude Include="include\ECS\Systems\KeyboardInputSystem.h">
      <Filter>Header Files</Filter>
    </ClInclude>
    <ClInclude Include="include\ECS\Components\ResourceSpawnComponent.h">
      <Filter>Header Files</Filter>
    </ClInclude>
    <ClInclude Include="include\ECS\Systems\AnimationSystem.h">
      <Filter>Header Files</Filter>
    </ClInclude>
    <ClInclude Include="include\ECS\Components\EnemyComponent.h">
      <Filter>Header Files</Filter>
    </ClInclude>
    <ClInclude Include="include\EntityFactory.h">
      <Filter>Header Files</Filter>
    </ClInclude>
    <ClInclude Include="include\ECS\Systems\ResourceGatherSystem.h">
      <Filter>Header Files</Filter>
    </ClInclude>
    <ClInclude Include="include\ECS\Components\InventoryComponent.h">
      <Filter>Header Files</Filter>
    </ClInclude>
    <ClInclude Include="include\World\TerrainGenerator.h">
      <Filter>Header Files</Filter>
    </ClInclude>
    <ClInclude Include="include\States\PrismGame.h">
      <Filter>Header Files</Filter>
    </ClInclude>
    <ClInclude Include="include\States\PauseState.h">
      <Filter>Header Files</Filter>
    </ClInclude>
    <ClInclude Include="include\ECS\Components\ResourceGatherComponent.h">
      <Filter>Header Files</Filter>
    </ClInclude>
    <ClInclude Include="include\ECS\Components\ResourceBlobComponent.h">
      <Filter>Header Files</Filter>
    </ClInclude>
    <ClInclude Include="include\ECS\Systems\ResourceBlobSystem.h">
      <Filter>Header Files</Filter>
    </ClInclude>
    <ClInclude Include="include\Enums\ResourceTypeEnum.h">
      <Filter>Header Files</Filter>
    </ClInclude>
    <ClInclude Include="include\World\Assemblers\EnemyAssembler.h">
      <Filter>Header Files</Filter>
    </ClInclude>
    <ClInclude Include="include\World\Assemblers\PlayerAssembler.h">
      <Filter>Header Files</Filter>
    </ClInclude>
    <ClInclude Include="include\World\Assemblers\ResourceSpawnAssembler.h">
      <Filter>Header Files</Filter>
    </ClInclude>
    <ClInclude Include="include\World\Assemblers\TowerAssembler.h">
      <Filter>Header Files</Filter>
    </ClInclude>
    <ClInclude Include="include\World\Assemblers\WallAssembler.h">
      <Filter>Header Files</Filter>
    </ClInclude>
    <ClInclude Include="include\ECS\Components\WallComponent.h">
      <Filter>Header Files</Filter>
    </ClInclude>
    <ClInclude Include="include\ECS\Components\TowerComponent.h">
      <Filter>Header Files</Filter>
    </ClInclude>
    <ClInclude Include="include\World\Assemblers\PrismEntityAssembler.h">
      <Filter>Header Files</Filter>
    </ClInclude>
    <ClInclude Include="include\ECS\Components\MineComponent.h">
      <Filter>Header Files</Filter>
    </ClInclude>
    <ClInclude Include="include\PrismGame.h">
      <Filter>Header Files</Filter>
    </ClInclude>
    <ClInclude Include="include\ECS\Systems\BumpSystem.h">
      <Filter>Header Files</Filter>
    </ClInclude>
    <ClInclude Include="include\ECS\Systems\AttackSystem.h">
      <Filter>Header Files</Filter>
    </ClInclude>
    <ClInclude Include="include\ECS\Systems\EnemySpawnSystem.h">
      <Filter>Header Files</Filter>
    </ClInclude>
    <ClInclude Include="include\World\Assemblers\EnemySpawnAssembler.h">
      <Filter>Header Files</Filter>
    </ClInclude>
    <ClInclude Include="include\ECS\Components\EnemySpawnComponent.h">
      <Filter>Header Files</Filter>
    </ClInclude>
    <ClInclude Include="include\ECS\Systems\EnemyPathFindingSystem.h">
      <Filter>Header Files</Filter>
    </ClInclude>
  </ItemGroup>
  <ItemGroup>
    <Image Include="res\img\gameover.png" />
    <Image Include="res\img\restart.png" />
  </ItemGroup>
</Project>