<?xml version="1.0" encoding="utf-8"?>
<Project ToolsVersion="4.0" xmlns="http://schemas.microsoft.com/developer/msbuild/2003">
  <ItemGroup>
    <Filter Include="Source Files">
      <UniqueIdentifier>{4FC737F1-C7A5-4376-A066-2A32D752A2FF}</UniqueIdentifier>
      <Extensions>cpp;c;cc;cxx;def;odl;idl;hpj;bat;asm;asmx</Extensions>
    </Filter>
    <Filter Include="Header Files">
      <UniqueIdentifier>{93995380-89BD-4b04-88EB-625FBE52EBFB}</UniqueIdentifier>
      <Extensions>h;hh;hpp;hxx;hm;inl;inc;ipp;xsd</Extensions>
    </Filter>
    <Filter Include="Resource Files">
      <UniqueIdentifier>{67DA6AB6-F800-4c08-8B7A-83BB121AAD01}</UniqueIdentifier>
      <Extensions>rc;ico;cur;bmp;dlg;rc2;rct;bin;rgs;gif;jpg;jpeg;jpe;resx;tiff;tif;png;wav;mfcribbon-ms</Extensions>
    </Filter>
    <Filter Include="Header Files\ECS">
      <UniqueIdentifier>{15e73fe7-8109-49a4-9e27-a0c1bbd7b314}</UniqueIdentifier>
    </Filter>
    <Filter Include="Header Files\ECS\Systems">
      <UniqueIdentifier>{78dd7c0b-40c4-46d7-afad-2fee6ed3844d}</UniqueIdentifier>
    </Filter>
    <Filter Include="Source Files\ECS">
      <UniqueIdentifier>{5c1cb1f0-8e4b-4178-addc-39b0eb5c8706}</UniqueIdentifier>
    </Filter>
    <Filter Include="Source Files\ECS\Systems">
      <UniqueIdentifier>{583029d8-da13-4f0a-be7a-3b2e22d7c234}</UniqueIdentifier>
    </Filter>
    <Filter Include="Header Files\ECS\Components">
      <UniqueIdentifier>{e1d58eb6-fd2a-434c-91c3-3998f89493f8}</UniqueIdentifier>
    </Filter>
  </ItemGroup>
  <ItemGroup>
    <ClCompile Include="src\main.cpp">
      <Filter>Source Files</Filter>
    </ClCompile>
    <ClCompile Include="src\ECS\Systems\KeyboardInputSystem.cpp">
      <Filter>Source Files</Filter>
    </ClCompile>
    <ClCompile Include="src\ECS\Systems\RestockResourceSystem.cpp">
      <Filter>Source Files</Filter>
    </ClCompile>
    <ClCompile Include="src\ECS\Systems\AnimationSystem.cpp">
      <Filter>Source Files</Filter>
    </ClCompile>
    <ClCompile Include="src\EntityFactory.cpp">
      <Filter>Source Files</Filter>
    </ClCompile>
    <ClCompile Include="src\States\PauseState.cpp">
      <Filter>Source Files</Filter>
    </ClCompile>
    <ClCompile Include="src\States\PrismGame.cpp">
      <Filter>Source Files</Filter>
    </ClCompile>
    <ClCompile Include="src\World\TerrainGenerator.cpp">
      <Filter>Source Files</Filter>
    </ClCompile>
    <ClCompile Include="src\World\Assemblers\EnemyAssembler.cpp">
      <Filter>Source Files</Filter>
    </ClCompile>
    <ClCompile Include="src\World\Assemblers\PlayerAssembler.cpp">
      <Filter>Source Files</Filter>
    </ClCompile>
    <ClCompile Include="src\World\Assemblers\PrismEntityAssembler.cpp">
      <Filter>Source Files</Filter>
    </ClCompile>
    <ClCompile Include="src\World\Assemblers\ResourceSpawnAssembler.cpp">
      <Filter>Source Files</Filter>
    </ClCompile>
    <ClCompile Include="src\World\Assemblers\TowerAssembler.cpp">
      <Filter>Source Files</Filter>
    </ClCompile>
    <ClCompile Include="src\World\Assemblers\WallAssembler.cpp">
      <Filter>Source Files</Filter>
    </ClCompile>
    <ClCompile Include="src\ECS\Systems\BumpSystem.cpp">
      <Filter>Source Files</Filter>
    </ClCompile>
  </ItemGroup>
  <ItemGroup>
    <None Include="lib\SDL2.dll" />
    <None Include="lib\assimp-vc140-mtd.dll" />
    <None Include="lib\glew32.dll" />
    <None Include="lib\glew32.dll" />
  </ItemGroup>
  <ItemGroup>
    <ClInclude Include="include\ECS\Components\KeyboardInputComponent.h">
      <Filter>Header Files</Filter>
    </ClInclude>
    <ClInclude Include="include\ECS\Systems\KeyboardInputSystem.h">
      <Filter>Header Files</Filter>
    </ClInclude>
    <ClInclude Include="include\ECS\Components\ResourceSpawnComponent.h">
      <Filter>Header Files</Filter>
    </ClInclude>
    <ClInclude Include="include\ECS\Systems\RestockResourceSystem.h">
      <Filter>Header Files</Filter>
    </ClInclude>
    <ClInclude Include="include\ECS\Systems\AnimationSystem.h">
      <Filter>Header Files</Filter>
    </ClInclude>
    <ClInclude Include="include\ECS\Components\EnemyComponent.h">
      <Filter>Header Files</Filter>
    </ClInclude>
    <ClInclude Include="include\EntityFactory.h">
      <Filter>Header Files</Filter>
    </ClInclude>
    <ClInclude Include="include\World\TerrainGenerator.h">
      <Filter>Header Files</Filter>
    </ClInclude>
    <ClInclude Include="include\States\PrismGame.h">
      <Filter>Header Files</Filter>
    </ClInclude>
    <ClInclude Include="include\States\PauseState.h">
      <Filter>Header Files</Filter>
    </ClInclude>
    <ClInclude Include="include\World\Assemblers\EnemyAssembler.h">
      <Filter>Header Files</Filter>
    </ClInclude>
    <ClInclude Include="include\World\Assemblers\PlayerAssembler.h">
      <Filter>Header Files</Filter>
    </ClInclude>
    <ClInclude Include="include\World\Assemblers\ResourceSpawnAssembler.h">
      <Filter>Header Files</Filter>
    </ClInclude>
    <ClInclude Include="include\World\Assemblers\TowerAssembler.h">
      <Filter>Header Files</Filter>
    </ClInclude>
    <ClInclude Include="include\World\Assemblers\WallAssembler.h">
      <Filter>Header Files</Filter>
    </ClInclude>
    <ClInclude Include="include\ECS\Components\WallComponent.h">
      <Filter>Header Files</Filter>
    </ClInclude>
    <ClInclude Include="include\ECS\Components\TowerComponent.h">
      <Filter>Header Files</Filter>
    </ClInclude>
    <ClInclude Include="include\World\Assemblers\PrismEntityAssembler.h">
      <Filter>Header Files</Filter>
    </ClInclude>
    <ClInclude Include="include\ECS\Components\MineComponent.h">
      <Filter>Header Files</Filter>
    </ClInclude>
    <ClInclude Include="include\PrismGame.h">
      <Filter>Header Files</Filter>
    </ClInclude>
    <ClInclude Include="include\ECS\Systems\BumpSystem.h">
      <Filter>Header Files</Filter>
    </ClInclude>
  </ItemGroup>
</Project>